// !$*UTF8*$!
{
	archiveVersion = 1;
	classes = {
	};
	objectVersion = 55;
	objects = {

/* Begin PBXBuildFile section */
		5025999C2817D32800422425 /* MyPlayApp.swift in Sources */ = {isa = PBXBuildFile; fileRef = 5025999B2817D32800422425 /* MyPlayApp.swift */; };
		5025999E2817D32800422425 /* ContentView.swift in Sources */ = {isa = PBXBuildFile; fileRef = 5025999D2817D32800422425 /* ContentView.swift */; };
		502599A02817D32800422425 /* Assets.xcassets in Resources */ = {isa = PBXBuildFile; fileRef = 5025999F2817D32800422425 /* Assets.xcassets */; };
		502599A32817D32800422425 /* Preview Assets.xcassets in Resources */ = {isa = PBXBuildFile; fileRef = 502599A22817D32800422425 /* Preview Assets.xcassets */; };
		502599AD2817D32800422425 /* MyPlayTests.swift in Sources */ = {isa = PBXBuildFile; fileRef = 502599AC2817D32800422425 /* MyPlayTests.swift */; };
		502599B72817D32800422425 /* MyPlayUITests.swift in Sources */ = {isa = PBXBuildFile; fileRef = 502599B62817D32800422425 /* MyPlayUITests.swift */; };
		502599B92817D32800422425 /* MyPlayUITestsLaunchTests.swift in Sources */ = {isa = PBXBuildFile; fileRef = 502599B82817D32800422425 /* MyPlayUITestsLaunchTests.swift */; };
/* End PBXBuildFile section */

/* Begin PBXContainerItemProxy section */
		502599A92817D32800422425 /* PBXContainerItemProxy */ = {
			isa = PBXContainerItemProxy;
			containerPortal = 502599902817D32800422425 /* Project object */;
			proxyType = 1;
			remoteGlobalIDString = 502599972817D32800422425;
			remoteInfo = MyPlay;
		};
		502599B32817D32800422425 /* PBXContainerItemProxy */ = {
			isa = PBXContainerItemProxy;
			containerPortal = 502599902817D32800422425 /* Project object */;
			proxyType = 1;
			remoteGlobalIDString = 502599972817D32800422425;
			remoteInfo = MyPlay;
		};
/* End PBXContainerItemProxy section */

/* Begin PBXFileReference section */
		502599982817D32800422425 /* MyPlay.app */ = {isa = PBXFileReference; explicitFileType = wrapper.application; includeInIndex = 0; path = MyPlay.app; sourceTree = BUILT_PRODUCTS_DIR; };
		5025999B2817D32800422425 /* MyPlayApp.swift */ = {isa = PBXFileReference; lastKnownFileType = sourcecode.swift; path = MyPlayApp.swift; sourceTree = "<group>"; };
		5025999D2817D32800422425 /* ContentView.swift */ = {isa = PBXFileReference; lastKnownFileType = sourcecode.swift; path = ContentView.swift; sourceTree = "<group>"; };
		5025999F2817D32800422425 /* Assets.xcassets */ = {isa = PBXFileReference; lastKnownFileType = folder.assetcatalog; path = Assets.xcassets; sourceTree = "<group>"; };
		502599A22817D32800422425 /* Preview Assets.xcassets */ = {isa = PBXFileReference; lastKnownFileType = folder.assetcatalog; path = "Preview Assets.xcassets"; sourceTree = "<group>"; };
		502599A82817D32800422425 /* MyPlayTests.xctest */ = {isa = PBXFileReference; explicitFileType = wrapper.cfbundle; includeInIndex = 0; path = MyPlayTests.xctest; sourceTree = BUILT_PRODUCTS_DIR; };
		502599AC2817D32800422425 /* MyPlayTests.swift */ = {isa = PBXFileReference; lastKnownFileType = sourcecode.swift; path = MyPlayTests.swift; sourceTree = "<group>"; };
		502599B22817D32800422425 /* MyPlayUITests.xctest */ = {isa = PBXFileReference; explicitFileType = wrapper.cfbundle; includeInIndex = 0; path = MyPlayUITests.xctest; sourceTree = BUILT_PRODUCTS_DIR; };
		502599B62817D32800422425 /* MyPlayUITests.swift */ = {isa = PBXFileReference; lastKnownFileType = sourcecode.swift; path = MyPlayUITests.swift; sourceTree = "<group>"; };
		502599B82817D32800422425 /* MyPlayUITestsLaunchTests.swift */ = {isa = PBXFileReference; lastKnownFileType = sourcecode.swift; path = MyPlayUITestsLaunchTests.swift; sourceTree = "<group>"; };
/* End PBXFileReference section */

/* Begin PBXFrameworksBuildPhase section */
		502599952817D32800422425 /* Frameworks */ = {
			isa = PBXFrameworksBuildPhase;
			buildActionMask = 2147483647;
			files = (
			);
			runOnlyForDeploymentPostprocessing = 0;
		};
		502599A52817D32800422425 /* Frameworks */ = {
			isa = PBXFrameworksBuildPhase;
			buildActionMask = 2147483647;
			files = (
			);
			runOnlyForDeploymentPostprocessing = 0;
		};
		502599AF2817D32800422425 /* Frameworks */ = {
			isa = PBXFrameworksBuildPhase;
			buildActionMask = 2147483647;
			files = (
			);
			runOnlyForDeploymentPostprocessing = 0;
		};
/* End PBXFrameworksBuildPhase section */

/* Begin PBXGroup section */
		5025998F2817D32800422425 = {
			isa = PBXGroup;
			children = (
				5025999A2817D32800422425 /* MyPlay */,
				502599AB2817D32800422425 /* MyPlayTests */,
				502599B52817D32800422425 /* MyPlayUITests */,
				502599992817D32800422425 /* Products */,
			);
			sourceTree = "<group>";
		};
		502599992817D32800422425 /* Products */ = {
			isa = PBXGroup;
			children = (
				502599982817D32800422425 /* MyPlay.app */,
				502599A82817D32800422425 /* MyPlayTests.xctest */,
				502599B22817D32800422425 /* MyPlayUITests.xctest */,
			);
			name = Products;
			sourceTree = "<group>";
		};
		5025999A2817D32800422425 /* MyPlay */ = {
			isa = PBXGroup;
			children = (
				5025999B2817D32800422425 /* MyPlayApp.swift */,
				5025999D2817D32800422425 /* ContentView.swift */,
				5025999F2817D32800422425 /* Assets.xcassets */,
				502599A12817D32800422425 /* Preview Content */,
			);
			path = MyPlay;
			sourceTree = "<group>";
		};
		502599A12817D32800422425 /* Preview Content */ = {
			isa = PBXGroup;
			children = (
				502599A22817D32800422425 /* Preview Assets.xcassets */,
			);
			path = "Preview Content";
			sourceTree = "<group>";
		};
		502599AB2817D32800422425 /* MyPlayTests */ = {
			isa = PBXGroup;
			children = (
				502599AC2817D32800422425 /* MyPlayTests.swift */,
			);
			path = MyPlayTests;
			sourceTree = "<group>";
		};
		502599B52817D32800422425 /* MyPlayUITests */ = {
			isa = PBXGroup;
			children = (
				502599B62817D32800422425 /* MyPlayUITests.swift */,
				502599B82817D32800422425 /* MyPlayUITestsLaunchTests.swift */,
			);
			path = MyPlayUITests;
			sourceTree = "<group>";
		};
/* End PBXGroup section */

/* Begin PBXNativeTarget section */
		502599972817D32800422425 /* MyPlay */ = {
			isa = PBXNativeTarget;
			buildConfigurationList = 502599BC2817D32800422425 /* Build configuration list for PBXNativeTarget "MyPlay" */;
			buildPhases = (
				502599942817D32800422425 /* Sources */,
				502599952817D32800422425 /* Frameworks */,
				502599962817D32800422425 /* Resources */,
			);
			buildRules = (
			);
			dependencies = (
			);
			name = MyPlay;
			productName = MyPlay;
			productReference = 502599982817D32800422425 /* MyPlay.app */;
			productType = "com.apple.product-type.application";
		};
		502599A72817D32800422425 /* MyPlayTests */ = {
			isa = PBXNativeTarget;
			buildConfigurationList = 502599BF2817D32800422425 /* Build configuration list for PBXNativeTarget "MyPlayTests" */;
			buildPhases = (
				502599A42817D32800422425 /* Sources */,
				502599A52817D32800422425 /* Frameworks */,
				502599A62817D32800422425 /* Resources */,
			);
			buildRules = (
			);
			dependencies = (
				502599AA2817D32800422425 /* PBXTargetDependency */,
			);
			name = MyPlayTests;
			productName = MyPlayTests;
			productReference = 502599A82817D32800422425 /* MyPlayTests.xctest */;
			productType = "com.apple.product-type.bundle.unit-test";
		};
		502599B12817D32800422425 /* MyPlayUITests */ = {
			isa = PBXNativeTarget;
			buildConfigurationList = 502599C22817D32800422425 /* Build configuration list for PBXNativeTarget "MyPlayUITests" */;
			buildPhases = (
				502599AE2817D32800422425 /* Sources */,
				502599AF2817D32800422425 /* Frameworks */,
				502599B02817D32800422425 /* Resources */,
			);
			buildRules = (
			);
			dependencies = (
				502599B42817D32800422425 /* PBXTargetDependency */,
			);
			name = MyPlayUITests;
			productName = MyPlayUITests;
			productReference = 502599B22817D32800422425 /* MyPlayUITests.xctest */;
			productType = "com.apple.product-type.bundle.ui-testing";
		};
/* End PBXNativeTarget section */

/* Begin PBXProject section */
		502599902817D32800422425 /* Project object */ = {
			isa = PBXProject;
			attributes = {
				BuildIndependentTargetsInParallel = 1;
				LastSwiftUpdateCheck = 1330;
				LastUpgradeCheck = 1330;
				TargetAttributes = {
					502599972817D32800422425 = {
						CreatedOnToolsVersion = 13.3.1;
					};
					502599A72817D32800422425 = {
						CreatedOnToolsVersion = 13.3.1;
						TestTargetID = 502599972817D32800422425;
					};
					502599B12817D32800422425 = {
						CreatedOnToolsVersion = 13.3.1;
						TestTargetID = 502599972817D32800422425;
					};
				};
			};
			buildConfigurationList = 502599932817D32800422425 /* Build configuration list for PBXProject "MyPlay" */;
			compatibilityVersion = "Xcode 13.0";
			developmentRegion = en;
			hasScannedForEncodings = 0;
			knownRegions = (
				en,
				Base,
			);
			mainGroup = 5025998F2817D32800422425;
			productRefGroup = 502599992817D32800422425 /* Products */;
			projectDirPath = "";
			projectRoot = "";
			targets = (
				502599972817D32800422425 /* MyPlay */,
				502599A72817D32800422425 /* MyPlayTests */,
				502599B12817D32800422425 /* MyPlayUITests */,
			);
		};
/* End PBXProject section */

/* Begin PBXResourcesBuildPhase section */
		502599962817D32800422425 /* Resources */ = {
			isa = PBXResourcesBuildPhase;
			buildActionMask = 2147483647;
			files = (
				502599A32817D32800422425 /* Preview Assets.xcassets in Resources */,
				502599A02817D32800422425 /* Assets.xcassets in Resources */,
			);
			runOnlyForDeploymentPostprocessing = 0;
		};
		502599A62817D32800422425 /* Resources */ = {
			isa = PBXResourcesBuildPhase;
			buildActionMask = 2147483647;
			files = (
			);
			runOnlyForDeploymentPostprocessing = 0;
		};
		502599B02817D32800422425 /* Resources */ = {
			isa = PBXResourcesBuildPhase;
			buildActionMask = 2147483647;
			files = (
			);
			runOnlyForDeploymentPostprocessing = 0;
		};
/* End PBXResourcesBuildPhase section */

/* Begin PBXSourcesBuildPhase section */
		502599942817D32800422425 /* Sources */ = {
			isa = PBXSourcesBuildPhase;
			buildActionMask = 2147483647;
			files = (
				5025999E2817D32800422425 /* ContentView.swift in Sources */,
				5025999C2817D32800422425 /* MyPlayApp.swift in Sources */,
			);
			runOnlyForDeploymentPostprocessing = 0;
		};
		502599A42817D32800422425 /* Sources */ = {
			isa = PBXSourcesBuildPhase;
			buildActionMask = 2147483647;
			files = (
				502599AD2817D32800422425 /* MyPlayTests.swift in Sources */,
			);
			runOnlyForDeploymentPostprocessing = 0;
		};
		502599AE2817D32800422425 /* Sources */ = {
			isa = PBXSourcesBuildPhase;
			buildActionMask = 2147483647;
			files = (
				502599B92817D32800422425 /* MyPlayUITestsLaunchTests.swift in Sources */,
				502599B72817D32800422425 /* MyPlayUITests.swift in Sources */,
			);
			runOnlyForDeploymentPostprocessing = 0;
		};
/* End PBXSourcesBuildPhase section */

/* Begin PBXTargetDependency section */
		502599AA2817D32800422425 /* PBXTargetDependency */ = {
			isa = PBXTargetDependency;
			target = 502599972817D32800422425 /* MyPlay */;
			targetProxy = 502599A92817D32800422425 /* PBXContainerItemProxy */;
		};
		502599B42817D32800422425 /* PBXTargetDependency */ = {
			isa = PBXTargetDependency;
			target = 502599972817D32800422425 /* MyPlay */;
			targetProxy = 502599B32817D32800422425 /* PBXContainerItemProxy */;
		};
/* End PBXTargetDependency section */

/* Begin XCBuildConfiguration section */
		502599BA2817D32800422425 /* Debug */ = {
			isa = XCBuildConfiguration;
			buildSettings = {
				ALWAYS_SEARCH_USER_PATHS = NO;
				CLANG_ANALYZER_NONNULL = YES;
				CLANG_ANALYZER_NUMBER_OBJECT_CONVERSION = YES_AGGRESSIVE;
				CLANG_CXX_LANGUAGE_STANDARD = "gnu++17";
				CLANG_ENABLE_MODULES = YES;
				CLANG_ENABLE_OBJC_ARC = YES;
				CLANG_ENABLE_OBJC_WEAK = YES;
				CLANG_WARN_BLOCK_CAPTURE_AUTORELEASING = YES;
				CLANG_WARN_BOOL_CONVERSION = YES;
				CLANG_WARN_COMMA = YES;
				CLANG_WARN_CONSTANT_CONVERSION = YES;
				CLANG_WARN_DEPRECATED_OBJC_IMPLEMENTATIONS = YES;
				CLANG_WARN_DIRECT_OBJC_ISA_USAGE = YES_ERROR;
				CLANG_WARN_DOCUMENTATION_COMMENTS = YES;
				CLANG_WARN_EMPTY_BODY = YES;
				CLANG_WARN_ENUM_CONVERSION = YES;
				CLANG_WARN_INFINITE_RECURSION = YES;
				CLANG_WARN_INT_CONVERSION = YES;
				CLANG_WARN_NON_LITERAL_NULL_CONVERSION = YES;
				CLANG_WARN_OBJC_IMPLICIT_RETAIN_SELF = YES;
				CLANG_WARN_OBJC_LITERAL_CONVERSION = YES;
				CLANG_WARN_OBJC_ROOT_CLASS = YES_ERROR;
				CLANG_WARN_QUOTED_INCLUDE_IN_FRAMEWORK_HEADER = YES;
				CLANG_WARN_RANGE_LOOP_ANALYSIS = YES;
				CLANG_WARN_STRICT_PROTOTYPES = YES;
				CLANG_WARN_SUSPICIOUS_MOVE = YES;
				CLANG_WARN_UNGUARDED_AVAILABILITY = YES_AGGRESSIVE;
				CLANG_WARN_UNREACHABLE_CODE = YES;
				CLANG_WARN__DUPLICATE_METHOD_MATCH = YES;
				COPY_PHASE_STRIP = NO;
				DEBUG_INFORMATION_FORMAT = dwarf;
				ENABLE_STRICT_OBJC_MSGSEND = YES;
				ENABLE_TESTABILITY = YES;
				GCC_C_LANGUAGE_STANDARD = gnu11;
				GCC_DYNAMIC_NO_PIC = NO;
				GCC_NO_COMMON_BLOCKS = YES;
				GCC_OPTIMIZATION_LEVEL = 0;
				GCC_PREPROCESSOR_DEFINITIONS = (
					"DEBUG=1",
					"$(inherited)",
				);
				GCC_WARN_64_TO_32_BIT_CONVERSION = YES;
				GCC_WARN_ABOUT_RETURN_TYPE = YES_ERROR;
				GCC_WARN_UNDECLARED_SELECTOR = YES;
				GCC_WARN_UNINITIALIZED_AUTOS = YES_AGGRESSIVE;
				GCC_WARN_UNUSED_FUNCTION = YES;
				GCC_WARN_UNUSED_VARIABLE = YES;
				IPHONEOS_DEPLOYMENT_TARGET = 15.4;
				MTL_ENABLE_DEBUG_INFO = INCLUDE_SOURCE;
				MTL_FAST_MATH = YES;
				ONLY_ACTIVE_ARCH = YES;
				SDKROOT = iphoneos;
				SWIFT_ACTIVE_COMPILATION_CONDITIONS = DEBUG;
				SWIFT_OPTIMIZATION_LEVEL = "-Onone";
			};
			name = Debug;
		};
		502599BB2817D32800422425 /* Release */ = {
			isa = XCBuildConfiguration;
			buildSettings = {
				ALWAYS_SEARCH_USER_PATHS = NO;
				CLANG_ANALYZER_NONNULL = YES;
				CLANG_ANALYZER_NUMBER_OBJECT_CONVERSION = YES_AGGRESSIVE;
				CLANG_CXX_LANGUAGE_STANDARD = "gnu++17";
				CLANG_ENABLE_MODULES = YES;
				CLANG_ENABLE_OBJC_ARC = YES;
				CLANG_ENABLE_OBJC_WEAK = YES;
				CLANG_WARN_BLOCK_CAPTURE_AUTORELEASING = YES;
				CLANG_WARN_BOOL_CONVERSION = YES;
				CLANG_WARN_COMMA = YES;
				CLANG_WARN_CONSTANT_CONVERSION = YES;
				CLANG_WARN_DEPRECATED_OBJC_IMPLEMENTATIONS = YES;
				CLANG_WARN_DIRECT_OBJC_ISA_USAGE = YES_ERROR;
				CLANG_WARN_DOCUMENTATION_COMMENTS = YES;
				CLANG_WARN_EMPTY_BODY = YES;
				CLANG_WARN_ENUM_CONVERSION = YES;
				CLANG_WARN_INFINITE_RECURSION = YES;
				CLANG_WARN_INT_CONVERSION = YES;
				CLANG_WARN_NON_LITERAL_NULL_CONVERSION = YES;
				CLANG_WARN_OBJC_IMPLICIT_RETAIN_SELF = YES;
				CLANG_WARN_OBJC_LITERAL_CONVERSION = YES;
				CLANG_WARN_OBJC_ROOT_CLASS = YES_ERROR;
				CLANG_WARN_QUOTED_INCLUDE_IN_FRAMEWORK_HEADER = YES;
				CLANG_WARN_RANGE_LOOP_ANALYSIS = YES;
				CLANG_WARN_STRICT_PROTOTYPES = YES;
				CLANG_WARN_SUSPICIOUS_MOVE = YES;
				CLANG_WARN_UNGUARDED_AVAILABILITY = YES_AGGRESSIVE;
				CLANG_WARN_UNREACHABLE_CODE = YES;
				CLANG_WARN__DUPLICATE_METHOD_MATCH = YES;
				COPY_PHASE_STRIP = NO;
				DEBUG_INFORMATION_FORMAT = "dwarf-with-dsym";
				ENABLE_NS_ASSERTIONS = NO;
				ENABLE_STRICT_OBJC_MSGSEND = YES;
				GCC_C_LANGUAGE_STANDARD = gnu11;
				GCC_NO_COMMON_BLOCKS = YES;
				GCC_WARN_64_TO_32_BIT_CONVERSION = YES;
				GCC_WARN_ABOUT_RETURN_TYPE = YES_ERROR;
				GCC_WARN_UNDECLARED_SELECTOR = YES;
				GCC_WARN_UNINITIALIZED_AUTOS = YES_AGGRESSIVE;
				GCC_WARN_UNUSED_FUNCTION = YES;
				GCC_WARN_UNUSED_VARIABLE = YES;
				IPHONEOS_DEPLOYMENT_TARGET = 15.4;
				MTL_ENABLE_DEBUG_INFO = NO;
				MTL_FAST_MATH = YES;
				SDKROOT = iphoneos;
				SWIFT_COMPILATION_MODE = wholemodule;
				SWIFT_OPTIMIZATION_LEVEL = "-O";
				VALIDATE_PRODUCT = YES;
			};
			name = Release;
		};
		502599BD2817D32800422425 /* Debug */ = {
			isa = XCBuildConfiguration;
			buildSettings = {
				ASSETCATALOG_COMPILER_APPICON_NAME = AppIcon;
				ASSETCATALOG_COMPILER_GLOBAL_ACCENT_COLOR_NAME = AccentColor;
				CODE_SIGN_STYLE = Automatic;
				CURRENT_PROJECT_VERSION = 1;
				DEVELOPMENT_ASSET_PATHS = "\"MyPlay/Preview Content\"";
				DEVELOPMENT_TEAM = Z32CRSZUN6;
				ENABLE_PREVIEWS = YES;
				GENERATE_INFOPLIST_FILE = YES;
				INFOPLIST_KEY_UIApplicationSceneManifest_Generation = YES;
				INFOPLIST_KEY_UIApplicationSupportsIndirectInputEvents = YES;
				INFOPLIST_KEY_UILaunchScreen_Generation = YES;
				INFOPLIST_KEY_UISupportedInterfaceOrientations_iPad = "UIInterfaceOrientationPortrait UIInterfaceOrientationPortraitUpsideDown UIInterfaceOrientationLandscapeLeft UIInterfaceOrientationLandscapeRight";
				INFOPLIST_KEY_UISupportedInterfaceOrientations_iPhone = "UIInterfaceOrientationPortrait UIInterfaceOrientationLandscapeLeft UIInterfaceOrientationLandscapeRight";
				LD_RUNPATH_SEARCH_PATHS = (
					"$(inherited)",
					"@executable_path/Frameworks",
				);
				MARKETING_VERSION = 1.0;
				PRODUCT_BUNDLE_IDENTIFIER = selfstudy.MyPlay;
				PRODUCT_NAME = "$(TARGET_NAME)";
				SWIFT_EMIT_LOC_STRINGS = YES;
				SWIFT_VERSION = 5.0;
				TARGETED_DEVICE_FAMILY = "1,2";
			};
			name = Debug;
		};
		502599BE2817D32800422425 /* Release */ = {
			isa = XCBuildConfiguration;
			buildSettings = {
				ASSETCATALOG_COMPILER_APPICON_NAME = AppIcon;
				ASSETCATALOG_COMPILER_GLOBAL_ACCENT_COLOR_NAME = AccentColor;
				CODE_SIGN_STYLE = Automatic;
				CURRENT_PROJECT_VERSION = 1;
				DEVELOPMENT_ASSET_PATHS = "\"MyPlay/Preview Content\"";
				DEVELOPMENT_TEAM = Z32CRSZUN6;
				ENABLE_PREVIEWS = YES;
				GENERATE_INFOPLIST_FILE = YES;
				INFOPLIST_KEY_UIApplicationSceneManifest_Generation = YES;
				INFOPLIST_KEY_UIApplicationSupportsIndirectInputEvents = YES;
				INFOPLIST_KEY_UILaunchScreen_Generation = YES;
				INFOPLIST_KEY_UISupportedInterfaceOrientations_iPad = "UIInterfaceOrientationPortrait UIInterfaceOrientationPortraitUpsideDown UIInterfaceOrientationLandscapeLeft UIInterfaceOrientationLandscapeRight";
				INFOPLIST_KEY_UISupportedInterfaceOrientations_iPhone = "UIInterfaceOrientationPortrait UIInterfaceOrientationLandscapeLeft UIInterfaceOrientationLandscapeRight";
				LD_RUNPATH_SEARCH_PATHS = (
					"$(inherited)",
					"@executable_path/Frameworks",
				);
				MARKETING_VERSION = 1.0;
				PRODUCT_BUNDLE_IDENTIFIER = selfstudy.MyPlay;
				PRODUCT_NAME = "$(TARGET_NAME)";
				SWIFT_EMIT_LOC_STRINGS = YES;
				SWIFT_VERSION = 5.0;
				TARGETED_DEVICE_FAMILY = "1,2";
			};
			name = Release;
		};
		502599C02817D32800422425 /* Debug */ = {
			isa = XCBuildConfiguration;
			buildSettings = {
				ALWAYS_EMBED_SWIFT_STANDARD_LIBRARIES = YES;
				BUNDLE_LOADER = "$(TEST_HOST)";
				CODE_SIGN_STYLE = Automatic;
				CURRENT_PROJECT_VERSION = 1;
				DEVELOPMENT_TEAM = Z32CRSZUN6;
				GENERATE_INFOPLIST_FILE = YES;
				IPHONEOS_DEPLOYMENT_TARGET = 15.4;
				MARKETING_VERSION = 1.0;
				PRODUCT_BUNDLE_IDENTIFIER = selfstudy.MyPlayTests;
				PRODUCT_NAME = "$(TARGET_NAME)";
				SWIFT_EMIT_LOC_STRINGS = NO;
				SWIFT_VERSION = 5.0;
				TARGETED_DEVICE_FAMILY = "1,2";
				TEST_HOST = "$(BUILT_PRODUCTS_DIR)/MyPlay.app/MyPlay";
			};
			name = Debug;
		};
		502599C12817D32800422425 /* Release */ = {
			isa = XCBuildConfiguration;
			buildSettings = {
				ALWAYS_EMBED_SWIFT_STANDARD_LIBRARIES = YES;
				BUNDLE_LOADER = "$(TEST_HOST)";
				CODE_SIGN_STYLE = Automatic;
				CURRENT_PROJECT_VERSION = 1;
				DEVELOPMENT_TEAM = Z32CRSZUN6;
				GENERATE_INFOPLIST_FILE = YES;
				IPHONEOS_DEPLOYMENT_TARGET = 15.4;
				MARKETING_VERSION = 1.0;
				PRODUCT_BUNDLE_IDENTIFIER = selfstudy.MyPlayTests;
				PRODUCT_NAME = "$(TARGET_NAME)";
				SWIFT_EMIT_LOC_STRINGS = NO;
				SWIFT_VERSION = 5.0;
				TARGETED_DEVICE_FAMILY = "1,2";
				TEST_HOST = "$(BUILT_PRODUCTS_DIR)/MyPlay.app/MyPlay";
			};
			name = Release;
		};
		502599C32817D32800422425 /* Debug */ = {
			isa = XCBuildConfiguration;
			buildSettings = {
				ALWAYS_EMBED_SWIFT_STANDARD_LIBRARIES = YES;
				CODE_SIGN_STYLE = Automatic;
				CURRENT_PROJECT_VERSION = 1;
				DEVELOPMENT_TEAM = Z32CRSZUN6;
				GENERATE_INFOPLIST_FILE = YES;
				MARKETING_VERSION = 1.0;
				PRODUCT_BUNDLE_IDENTIFIER = selfstudy.MyPlayUITests;
				PRODUCT_NAME = "$(TARGET_NAME)";
				SWIFT_EMIT_LOC_STRINGS = NO;
				SWIFT_VERSION = 5.0;
				TARGETED_DEVICE_FAMILY = "1,2";
				TEST_TARGET_NAME = MyPlay;
			};
			name = Debug;
		};
		502599C42817D32800422425 /* Release */ = {
			isa = XCBuildConfiguration;
			buildSettings = {
				ALWAYS_EMBED_SWIFT_STANDARD_LIBRARIES = YES;
				CODE_SIGN_STYLE = Automatic;
				CURRENT_PROJECT_VERSION = 1;
				DEVELOPMENT_TEAM = Z32CRSZUN6;
				GENERATE_INFOPLIST_FILE = YES;
				MARKETING_VERSION = 1.0;
				PRODUCT_BUNDLE_IDENTIFIER = selfstudy.MyPlayUITests;
				PRODUCT_NAME = "$(TARGET_NAME)";
				SWIFT_EMIT_LOC_STRINGS = NO;
				SWIFT_VERSION = 5.0;
				TARGETED_DEVICE_FAMILY = "1,2";
				TEST_TARGET_NAME = MyPlay;
			};
			name = Release;
		};
/* End XCBuildConfiguration section */

/* Begin XCConfigurationList section */
		502599932817D32800422425 /* Build configuration list for PBXProject "MyPlay" */ = {
			isa = XCConfigurationList;
			buildConfigurations = (
				502599BA2817D32800422425 /* Debug */,
				502599BB2817D32800422425 /* Release */,
			);
			defaultConfigurationIsVisible = 0;
			defaultConfigurationName = Release;
		};
		502599BC2817D32800422425 /* Build configuration list for PBXNativeTarget "MyPlay" */ = {
			isa = XCConfigurationList;
			buildConfigurations = (
				502599BD2817D32800422425 /* Debug */,
				502599BE2817D32800422425 /* Release */,
			);
			defaultConfigurationIsVisible = 0;
			defaultConfigurationName = Release;
		};
		502599BF2817D32800422425 /* Build configuration list for PBXNativeTarget "MyPlayTests" */ = {
			isa = XCConfigurationList;
			buildConfigurations = (
				502599C02817D32800422425 /* Debug */,
				502599C12817D32800422425 /* Release */,
			);
			defaultConfigurationIsVisible = 0;
			defaultConfigurationName = Release;
		};
		502599C22817D32800422425 /* Build configuration list for PBXNativeTarget "MyPlayUITests" */ = {
			isa = XCConfigurationList;
			buildConfigurations = (
				502599C32817D32800422425 /* Debug */,
				502599C42817D32800422425 /* Release */,
			);
			defaultConfigurationIsVisible = 0;
			defaultConfigurationName = Release;
		};
/* End XCConfigurationList section */
	};
	rootObject = 502599902817D32800422425 /* Project object */;
}
